// !$*UTF8*$!
{
	archiveVersion = 1;
	classes = {
	};
	objectVersion = 46;
	objects = {

/* Begin PBXBuildFile section */
		7E3C35131EA72FF300036B41 /* AppDelegate.swift in Sources */ = {isa = PBXBuildFile; fileRef = 7E3C35121EA72FF200036B41 /* AppDelegate.swift */; };
		7E3C35151EA72FF300036B41 /* ViewController.swift in Sources */ = {isa = PBXBuildFile; fileRef = 7E3C35141EA72FF300036B41 /* ViewController.swift */; };
		7E3C35181EA72FF300036B41 /* Main.storyboard in Resources */ = {isa = PBXBuildFile; fileRef = 7E3C35161EA72FF300036B41 /* Main.storyboard */; };
		7E3C351A1EA72FF300036B41 /* Assets.xcassets in Resources */ = {isa = PBXBuildFile; fileRef = 7E3C35191EA72FF300036B41 /* Assets.xcassets */; };
		7E3C351D1EA72FF300036B41 /* LaunchScreen.storyboard in Resources */ = {isa = PBXBuildFile; fileRef = 7E3C351B1EA72FF300036B41 /* LaunchScreen.storyboard */; };
		7E3C35281EA72FF300036B41 /* mobileTests.swift in Sources */ = {isa = PBXBuildFile; fileRef = 7E3C35271EA72FF300036B41 /* mobileTests.swift */; };
		7E3C35331EA72FF300036B41 /* mobileUITests.swift in Sources */ = {isa = PBXBuildFile; fileRef = 7E3C35321EA72FF300036B41 /* mobileUITests.swift */; };
		7E3C35411EA7358100036B41 /* Notes.json in Resources */ = {isa = PBXBuildFile; fileRef = 7E3C35401EA7358100036B41 /* Notes.json */; };
		7EE86DDB1EA740010010B673 /* network.json in Resources */ = {isa = PBXBuildFile; fileRef = 7EE86DDA1EA740010010B673 /* network.json */; };
		B761F96133238DE0C013DCB2 /* Pods_mobile.framework in Frameworks */ = {isa = PBXBuildFile; fileRef = 5E8C2ED207943506AD6F7061 /* Pods_mobile.framework */; };
/* End PBXBuildFile section */

/* Begin PBXContainerItemProxy section */
		7E3C35241EA72FF300036B41 /* PBXContainerItemProxy */ = {
			isa = PBXContainerItemProxy;
			containerPortal = 7E3C35071EA72FF200036B41 /* Project object */;
			proxyType = 1;
			remoteGlobalIDString = 7E3C350E1EA72FF200036B41;
			remoteInfo = mobile;
		};
		7E3C352F1EA72FF300036B41 /* PBXContainerItemProxy */ = {
			isa = PBXContainerItemProxy;
			containerPortal = 7E3C35071EA72FF200036B41 /* Project object */;
			proxyType = 1;
			remoteGlobalIDString = 7E3C350E1EA72FF200036B41;
			remoteInfo = mobile;
		};
/* End PBXContainerItemProxy section */

/* Begin PBXFileReference section */
		5E8C2ED207943506AD6F7061 /* Pods_mobile.framework */ = {isa = PBXFileReference; explicitFileType = wrapper.framework; includeInIndex = 0; path = Pods_mobile.framework; sourceTree = BUILT_PRODUCTS_DIR; };
		7E3C350F1EA72FF200036B41 /* mobile.app */ = {isa = PBXFileReference; explicitFileType = wrapper.application; includeInIndex = 0; path = mobile.app; sourceTree = BUILT_PRODUCTS_DIR; };
		7E3C35121EA72FF200036B41 /* AppDelegate.swift */ = {isa = PBXFileReference; lastKnownFileType = sourcecode.swift; path = AppDelegate.swift; sourceTree = "<group>"; };
		7E3C35141EA72FF300036B41 /* ViewController.swift */ = {isa = PBXFileReference; lastKnownFileType = sourcecode.swift; path = ViewController.swift; sourceTree = "<group>"; };
		7E3C35171EA72FF300036B41 /* Base */ = {isa = PBXFileReference; lastKnownFileType = file.storyboard; name = Base; path = Base.lproj/Main.storyboard; sourceTree = "<group>"; };
		7E3C35191EA72FF300036B41 /* Assets.xcassets */ = {isa = PBXFileReference; lastKnownFileType = folder.assetcatalog; path = Assets.xcassets; sourceTree = "<group>"; };
		7E3C351C1EA72FF300036B41 /* Base */ = {isa = PBXFileReference; lastKnownFileType = file.storyboard; name = Base; path = Base.lproj/LaunchScreen.storyboard; sourceTree = "<group>"; };
		7E3C351E1EA72FF300036B41 /* Info.plist */ = {isa = PBXFileReference; lastKnownFileType = text.plist.xml; path = Info.plist; sourceTree = "<group>"; };
		7E3C35231EA72FF300036B41 /* mobileTests.xctest */ = {isa = PBXFileReference; explicitFileType = wrapper.cfbundle; includeInIndex = 0; path = mobileTests.xctest; sourceTree = BUILT_PRODUCTS_DIR; };
		7E3C35271EA72FF300036B41 /* mobileTests.swift */ = {isa = PBXFileReference; lastKnownFileType = sourcecode.swift; path = mobileTests.swift; sourceTree = "<group>"; };
		7E3C35291EA72FF300036B41 /* Info.plist */ = {isa = PBXFileReference; lastKnownFileType = text.plist.xml; path = Info.plist; sourceTree = "<group>"; };
		7E3C352E1EA72FF300036B41 /* mobileUITests.xctest */ = {isa = PBXFileReference; explicitFileType = wrapper.cfbundle; includeInIndex = 0; path = mobileUITests.xctest; sourceTree = BUILT_PRODUCTS_DIR; };
		7E3C35321EA72FF300036B41 /* mobileUITests.swift */ = {isa = PBXFileReference; lastKnownFileType = sourcecode.swift; path = mobileUITests.swift; sourceTree = "<group>"; };
		7E3C35341EA72FF300036B41 /* Info.plist */ = {isa = PBXFileReference; lastKnownFileType = text.plist.xml; path = Info.plist; sourceTree = "<group>"; };
		7E3C35401EA7358100036B41 /* Notes.json */ = {isa = PBXFileReference; fileEncoding = 4; lastKnownFileType = text.json; path = Notes.json; sourceTree = "<group>"; };
		7EE86DDA1EA740010010B673 /* network.json */ = {isa = PBXFileReference; fileEncoding = 4; lastKnownFileType = text.json; path = network.json; sourceTree = "<group>"; };
		9C055186407D58E4D6E53005 /* Pods-mobile.release.xcconfig */ = {isa = PBXFileReference; includeInIndex = 1; lastKnownFileType = text.xcconfig; name = "Pods-mobile.release.xcconfig"; path = "Pods/Target Support Files/Pods-mobile/Pods-mobile.release.xcconfig"; sourceTree = "<group>"; };
		EB2596724223EF7D355CB898 /* Pods-mobile.debug.xcconfig */ = {isa = PBXFileReference; includeInIndex = 1; lastKnownFileType = text.xcconfig; name = "Pods-mobile.debug.xcconfig"; path = "Pods/Target Support Files/Pods-mobile/Pods-mobile.debug.xcconfig"; sourceTree = "<group>"; };
/* End PBXFileReference section */

/* Begin PBXFrameworksBuildPhase section */
		7E3C350C1EA72FF200036B41 /* Frameworks */ = {
			isa = PBXFrameworksBuildPhase;
			buildActionMask = 2147483647;
			files = (
				B761F96133238DE0C013DCB2 /* Pods_mobile.framework in Frameworks */,
			);
			runOnlyForDeploymentPostprocessing = 0;
		};
		7E3C35201EA72FF300036B41 /* Frameworks */ = {
			isa = PBXFrameworksBuildPhase;
			buildActionMask = 2147483647;
			files = (
			);
			runOnlyForDeploymentPostprocessing = 0;
		};
		7E3C352B1EA72FF300036B41 /* Frameworks */ = {
			isa = PBXFrameworksBuildPhase;
			buildActionMask = 2147483647;
			files = (
			);
			runOnlyForDeploymentPostprocessing = 0;
		};
/* End PBXFrameworksBuildPhase section */

/* Begin PBXGroup section */
		79CCD4C6B5A077705CB469A0 /* Frameworks */ = {
			isa = PBXGroup;
			children = (
				5E8C2ED207943506AD6F7061 /* Pods_mobile.framework */,
			);
			name = Frameworks;
			sourceTree = "<group>";
		};
		7E3C35061EA72FF200036B41 = {
			isa = PBXGroup;
			children = (
				7E3C35111EA72FF200036B41 /* mobile */,
				7E3C35261EA72FF300036B41 /* mobileTests */,
				7E3C35311EA72FF300036B41 /* mobileUITests */,
				7E3C35101EA72FF200036B41 /* Products */,
				D8AA0214EFB7994FF04B1FA9 /* Pods */,
				79CCD4C6B5A077705CB469A0 /* Frameworks */,
			);
			sourceTree = "<group>";
		};
		7E3C35101EA72FF200036B41 /* Products */ = {
			isa = PBXGroup;
			children = (
				7E3C350F1EA72FF200036B41 /* mobile.app */,
				7E3C35231EA72FF300036B41 /* mobileTests.xctest */,
				7E3C352E1EA72FF300036B41 /* mobileUITests.xctest */,
			);
			name = Products;
			sourceTree = "<group>";
		};
		7E3C35111EA72FF200036B41 /* mobile */ = {
			isa = PBXGroup;
			children = (
				7E3C35121EA72FF200036B41 /* AppDelegate.swift */,
				7E3C35141EA72FF300036B41 /* ViewController.swift */,
				7E3C35161EA72FF300036B41 /* Main.storyboard */,
				7E3C35191EA72FF300036B41 /* Assets.xcassets */,
				7E3C351B1EA72FF300036B41 /* LaunchScreen.storyboard */,
				7E3C351E1EA72FF300036B41 /* Info.plist */,
				7E3C35401EA7358100036B41 /* Notes.json */,
				7EE86DDA1EA740010010B673 /* network.json */,
			);
			path = mobile;
			sourceTree = "<group>";
		};
		7E3C35261EA72FF300036B41 /* mobileTests */ = {
			isa = PBXGroup;
			children = (
				7E3C35271EA72FF300036B41 /* mobileTests.swift */,
				7E3C35291EA72FF300036B41 /* Info.plist */,
			);
			path = mobileTests;
			sourceTree = "<group>";
		};
		7E3C35311EA72FF300036B41 /* mobileUITests */ = {
			isa = PBXGroup;
			children = (
				7E3C35321EA72FF300036B41 /* mobileUITests.swift */,
				7E3C35341EA72FF300036B41 /* Info.plist */,
			);
			path = mobileUITests;
			sourceTree = "<group>";
		};
		D8AA0214EFB7994FF04B1FA9 /* Pods */ = {
			isa = PBXGroup;
			children = (
				EB2596724223EF7D355CB898 /* Pods-mobile.debug.xcconfig */,
				9C055186407D58E4D6E53005 /* Pods-mobile.release.xcconfig */,
			);
			name = Pods;
			sourceTree = "<group>";
		};
/* End PBXGroup section */

/* Begin PBXNativeTarget section */
		7E3C350E1EA72FF200036B41 /* mobile */ = {
			isa = PBXNativeTarget;
			buildConfigurationList = 7E3C35371EA72FF300036B41 /* Build configuration list for PBXNativeTarget "mobile" */;
			buildPhases = (
				0E62CB73FB6A1A10244E256B /* [CP] Check Pods Manifest.lock */,
				7E3C350B1EA72FF200036B41 /* Sources */,
				7E3C350C1EA72FF200036B41 /* Frameworks */,
				7E3C350D1EA72FF200036B41 /* Resources */,
				5049A3F12D723684A09D7A5A /* [CP] Embed Pods Frameworks */,
				18CBD19F80D14C21963F2962 /* [CP] Copy Pods Resources */,
			);
			buildRules = (
			);
			dependencies = (
			);
			name = mobile;
			productName = mobile;
			productReference = 7E3C350F1EA72FF200036B41 /* mobile.app */;
			productType = "com.apple.product-type.application";
		};
		7E3C35221EA72FF300036B41 /* mobileTests */ = {
			isa = PBXNativeTarget;
			buildConfigurationList = 7E3C353A1EA72FF300036B41 /* Build configuration list for PBXNativeTarget "mobileTests" */;
			buildPhases = (
				7E3C351F1EA72FF300036B41 /* Sources */,
				7E3C35201EA72FF300036B41 /* Frameworks */,
				7E3C35211EA72FF300036B41 /* Resources */,
			);
			buildRules = (
			);
			dependencies = (
				7E3C35251EA72FF300036B41 /* PBXTargetDependency */,
			);
			name = mobileTests;
			productName = mobileTests;
			productReference = 7E3C35231EA72FF300036B41 /* mobileTests.xctest */;
			productType = "com.apple.product-type.bundle.unit-test";
		};
		7E3C352D1EA72FF300036B41 /* mobileUITests */ = {
			isa = PBXNativeTarget;
			buildConfigurationList = 7E3C353D1EA72FF300036B41 /* Build configuration list for PBXNativeTarget "mobileUITests" */;
			buildPhases = (
				7E3C352A1EA72FF300036B41 /* Sources */,
				7E3C352B1EA72FF300036B41 /* Frameworks */,
				7E3C352C1EA72FF300036B41 /* Resources */,
			);
			buildRules = (
			);
			dependencies = (
				7E3C35301EA72FF300036B41 /* PBXTargetDependency */,
			);
			name = mobileUITests;
			productName = mobileUITests;
			productReference = 7E3C352E1EA72FF300036B41 /* mobileUITests.xctest */;
			productType = "com.apple.product-type.bundle.ui-testing";
		};
/* End PBXNativeTarget section */

/* Begin PBXProject section */
		7E3C35071EA72FF200036B41 /* Project object */ = {
			isa = PBXProject;
			attributes = {
				LastSwiftUpdateCheck = 0830;
				LastUpgradeCheck = 0830;
				ORGANIZATIONNAME = huangjian;
				TargetAttributes = {
					7E3C350E1EA72FF200036B41 = {
						CreatedOnToolsVersion = 8.3.1;
						DevelopmentTeam = 74BJSLQ4HV;
						ProvisioningStyle = Automatic;
					};
					7E3C35221EA72FF300036B41 = {
						CreatedOnToolsVersion = 8.3.1;
						DevelopmentTeam = 74BJSLQ4HV;
						ProvisioningStyle = Automatic;
						TestTargetID = 7E3C350E1EA72FF200036B41;
					};
					7E3C352D1EA72FF300036B41 = {
						CreatedOnToolsVersion = 8.3.1;
						DevelopmentTeam = 74BJSLQ4HV;
						ProvisioningStyle = Automatic;
						TestTargetID = 7E3C350E1EA72FF200036B41;
					};
				};
			};
			buildConfigurationList = 7E3C350A1EA72FF200036B41 /* Build configuration list for PBXProject "mobile" */;
			compatibilityVersion = "Xcode 3.2";
			developmentRegion = English;
			hasScannedForEncodings = 0;
			knownRegions = (
				en,
				Base,
			);
			mainGroup = 7E3C35061EA72FF200036B41;
			productRefGroup = 7E3C35101EA72FF200036B41 /* Products */;
			projectDirPath = "";
			projectRoot = "";
			targets = (
				7E3C350E1EA72FF200036B41 /* mobile */,
				7E3C35221EA72FF300036B41 /* mobileTests */,
				7E3C352D1EA72FF300036B41 /* mobileUITests */,
			);
		};
/* End PBXProject section */

/* Begin PBXResourcesBuildPhase section */
		7E3C350D1EA72FF200036B41 /* Resources */ = {
			isa = PBXResourcesBuildPhase;
			buildActionMask = 2147483647;
			files = (
				7EE86DDB1EA740010010B673 /* network.json in Resources */,
				7E3C351D1EA72FF300036B41 /* LaunchScreen.storyboard in Resources */,
				7E3C351A1EA72FF300036B41 /* Assets.xcassets in Resources */,
				7E3C35181EA72FF300036B41 /* Main.storyboard in Resources */,
				7E3C35411EA7358100036B41 /* Notes.json in Resources */,
			);
			runOnlyForDeploymentPostprocessing = 0;
		};
		7E3C35211EA72FF300036B41 /* Resources */ = {
			isa = PBXResourcesBuildPhase;
			buildActionMask = 2147483647;
			files = (
			);
			runOnlyForDeploymentPostprocessing = 0;
		};
		7E3C352C1EA72FF300036B41 /* Resources */ = {
			isa = PBXResourcesBuildPhase;
			buildActionMask = 2147483647;
			files = (
			);
			runOnlyForDeploymentPostprocessing = 0;
		};
/* End PBXResourcesBuildPhase section */

/* Begin PBXShellScriptBuildPhase section */
		0E62CB73FB6A1A10244E256B /* [CP] Check Pods Manifest.lock */ = {
			isa = PBXShellScriptBuildPhase;
			buildActionMask = 2147483647;
			files = (
			);
			inputPaths = (
			);
			name = "[CP] Check Pods Manifest.lock";
			outputPaths = (
			);
			runOnlyForDeploymentPostprocessing = 0;
			shellPath = /bin/sh;
			shellScript = "diff \"${PODS_PODFILE_DIR_PATH}/Podfile.lock\" \"${PODS_ROOT}/Manifest.lock\" > /dev/null\nif [ $? != 0 ] ; then\n    # print error to STDERR\n    echo \"error: The sandbox is not in sync with the Podfile.lock. Run 'pod install' or update your CocoaPods installation.\" >&2\n    exit 1\nfi\n";
			showEnvVarsInLog = 0;
		};
		18CBD19F80D14C21963F2962 /* [CP] Copy Pods Resources */ = {
			isa = PBXShellScriptBuildPhase;
			buildActionMask = 2147483647;
			files = (
			);
			inputPaths = (
			);
			name = "[CP] Copy Pods Resources";
			outputPaths = (
			);
			runOnlyForDeploymentPostprocessing = 0;
			shellPath = /bin/sh;
			shellScript = "\"${SRCROOT}/Pods/Target Support Files/Pods-mobile/Pods-mobile-resources.sh\"\n";
			showEnvVarsInLog = 0;
		};
		5049A3F12D723684A09D7A5A /* [CP] Embed Pods Frameworks */ = {
			isa = PBXShellScriptBuildPhase;
			buildActionMask = 2147483647;
			files = (
			);
			inputPaths = (
			);
			name = "[CP] Embed Pods Frameworks";
			outputPaths = (
			);
			runOnlyForDeploymentPostprocessing = 0;
			shellPath = /bin/sh;
			shellScript = "\"${SRCROOT}/Pods/Target Support Files/Pods-mobile/Pods-mobile-frameworks.sh\"\n";
			showEnvVarsInLog = 0;
		};
/* End PBXShellScriptBuildPhase section */

/* Begin PBXSourcesBuildPhase section */
		7E3C350B1EA72FF200036B41 /* Sources */ = {
			isa = PBXSourcesBuildPhase;
			buildActionMask = 2147483647;
			files = (
				7E3C35151EA72FF300036B41 /* ViewController.swift in Sources */,
				7E3C35131EA72FF300036B41 /* AppDelegate.swift in Sources */,
			);
			runOnlyForDeploymentPostprocessing = 0;
		};
		7E3C351F1EA72FF300036B41 /* Sources */ = {
			isa = PBXSourcesBuildPhase;
			buildActionMask = 2147483647;
			files = (
				7E3C35281EA72FF300036B41 /* mobileTests.swift in Sources */,
			);
			runOnlyForDeploymentPostprocessing = 0;
		};
		7E3C352A1EA72FF300036B41 /* Sources */ = {
			isa = PBXSourcesBuildPhase;
			buildActionMask = 2147483647;
			files = (
				7E3C35331EA72FF300036B41 /* mobileUITests.swift in Sources */,
			);
			runOnlyForDeploymentPostprocessing = 0;
		};
/* End PBXSourcesBuildPhase section */

/* Begin PBXTargetDependency section */
		7E3C35251EA72FF300036B41 /* PBXTargetDependency */ = {
			isa = PBXTargetDependency;
			target = 7E3C350E1EA72FF200036B41 /* mobile */;
			targetProxy = 7E3C35241EA72FF300036B41 /* PBXContainerItemProxy */;
		};
		7E3C35301EA72FF300036B41 /* PBXTargetDependency */ = {
			isa = PBXTargetDependency;
			target = 7E3C350E1EA72FF200036B41 /* mobile */;
			targetProxy = 7E3C352F1EA72FF300036B41 /* PBXContainerItemProxy */;
		};
/* End PBXTargetDependency section */

/* Begin PBXVariantGroup section */
		7E3C35161EA72FF300036B41 /* Main.storyboard */ = {
			isa = PBXVariantGroup;
			children = (
				7E3C35171EA72FF300036B41 /* Base */,
			);
			name = Main.storyboard;
			sourceTree = "<group>";
		};
		7E3C351B1EA72FF300036B41 /* LaunchScreen.storyboard */ = {
			isa = PBXVariantGroup;
			children = (
				7E3C351C1EA72FF300036B41 /* Base */,
			);
			name = LaunchScreen.storyboard;
			sourceTree = "<group>";
		};
/* End PBXVariantGroup section */

/* Begin XCBuildConfiguration section */
		7E3C35351EA72FF300036B41 /* Debug */ = {
			isa = XCBuildConfiguration;
			buildSettings = {
				ALWAYS_SEARCH_USER_PATHS = NO;
				CLANG_ANALYZER_NONNULL = YES;
				CLANG_ANALYZER_NUMBER_OBJECT_CONVERSION = YES_AGGRESSIVE;
				CLANG_CXX_LANGUAGE_STANDARD = "gnu++0x";
				CLANG_CXX_LIBRARY = "libc++";
				CLANG_ENABLE_MODULES = YES;
				CLANG_ENABLE_OBJC_ARC = YES;
				CLANG_WARN_BOOL_CONVERSION = YES;
				CLANG_WARN_CONSTANT_CONVERSION = YES;
				CLANG_WARN_DIRECT_OBJC_ISA_USAGE = YES_ERROR;
				CLANG_WARN_DOCUMENTATION_COMMENTS = YES;
				CLANG_WARN_EMPTY_BODY = YES;
				CLANG_WARN_ENUM_CONVERSION = YES;
				CLANG_WARN_INFINITE_RECURSION = YES;
				CLANG_WARN_INT_CONVERSION = YES;
				CLANG_WARN_OBJC_ROOT_CLASS = YES_ERROR;
				CLANG_WARN_SUSPICIOUS_MOVE = YES;
				CLANG_WARN_UNREACHABLE_CODE = YES;
				CLANG_WARN__DUPLICATE_METHOD_MATCH = YES;
				"CODE_SIGN_IDENTITY[sdk=iphoneos*]" = "iPhone Developer";
				COPY_PHASE_STRIP = NO;
				DEBUG_INFORMATION_FORMAT = dwarf;
				ENABLE_STRICT_OBJC_MSGSEND = YES;
				ENABLE_TESTABILITY = YES;
				GCC_C_LANGUAGE_STANDARD = gnu99;
				GCC_DYNAMIC_NO_PIC = NO;
				GCC_NO_COMMON_BLOCKS = YES;
				GCC_OPTIMIZATION_LEVEL = 0;
				GCC_PREPROCESSOR_DEFINITIONS = (
					"DEBUG=1",
					"$(inherited)",
				);
				GCC_WARN_64_TO_32_BIT_CONVERSION = YES;
				GCC_WARN_ABOUT_RETURN_TYPE = YES_ERROR;
				GCC_WARN_UNDECLARED_SELECTOR = YES;
				GCC_WARN_UNINITIALIZED_AUTOS = YES_AGGRESSIVE;
				GCC_WARN_UNUSED_FUNCTION = YES;
				GCC_WARN_UNUSED_VARIABLE = YES;
				IPHONEOS_DEPLOYMENT_TARGET = 10.3;
				MTL_ENABLE_DEBUG_INFO = YES;
				ONLY_ACTIVE_ARCH = YES;
				SDKROOT = iphoneos;
				SWIFT_ACTIVE_COMPILATION_CONDITIONS = DEBUG;
				SWIFT_OPTIMIZATION_LEVEL = "-Onone";
				TARGETED_DEVICE_FAMILY = "1,2";
			};
			name = Debug;
		};
		7E3C35361EA72FF300036B41 /* Release */ = {
			isa = XCBuildConfiguration;
			buildSettings = {
				ALWAYS_SEARCH_USER_PATHS = NO;
				CLANG_ANALYZER_NONNULL = YES;
				CLANG_ANALYZER_NUMBER_OBJECT_CONVERSION = YES_AGGRESSIVE;
				CLANG_CXX_LANGUAGE_STANDARD = "gnu++0x";
				CLANG_CXX_LIBRARY = "libc++";
				CLANG_ENABLE_MODULES = YES;
				CLANG_ENABLE_OBJC_ARC = YES;
				CLANG_WARN_BOOL_CONVERSION = YES;
				CLANG_WARN_CONSTANT_CONVERSION = YES;
				CLANG_WARN_DIRECT_OBJC_ISA_USAGE = YES_ERROR;
				CLANG_WARN_DOCUMENTATION_COMMENTS = YES;
				CLANG_WARN_EMPTY_BODY = YES;
				CLANG_WARN_ENUM_CONVERSION = YES;
				CLANG_WARN_INFINITE_RECURSION = YES;
				CLANG_WARN_INT_CONVERSION = YES;
				CLANG_WARN_OBJC_ROOT_CLASS = YES_ERROR;
				CLANG_WARN_SUSPICIOUS_MOVE = YES;
				CLANG_WARN_UNREACHABLE_CODE = YES;
				CLANG_WARN__DUPLICATE_METHOD_MATCH = YES;
				"CODE_SIGN_IDENTITY[sdk=iphoneos*]" = "iPhone Developer";
				COPY_PHASE_STRIP = NO;
				DEBUG_INFORMATION_FORMAT = "dwarf-with-dsym";
				ENABLE_NS_ASSERTIONS = NO;
				ENABLE_STRICT_OBJC_MSGSEND = YES;
				GCC_C_LANGUAGE_STANDARD = gnu99;
				GCC_NO_COMMON_BLOCKS = YES;
				GCC_WARN_64_TO_32_BIT_CONVERSION = YES;
				GCC_WARN_ABOUT_RETURN_TYPE = YES_ERROR;
				GCC_WARN_UNDECLARED_SELECTOR = YES;
				GCC_WARN_UNINITIALIZED_AUTOS = YES_AGGRESSIVE;
				GCC_WARN_UNUSED_FUNCTION = YES;
				GCC_WARN_UNUSED_VARIABLE = YES;
				IPHONEOS_DEPLOYMENT_TARGET = 10.3;
				MTL_ENABLE_DEBUG_INFO = NO;
				SDKROOT = iphoneos;
				SWIFT_OPTIMIZATION_LEVEL = "-Owholemodule";
				TARGETED_DEVICE_FAMILY = "1,2";
				VALIDATE_PRODUCT = YES;
			};
			name = Release;
		};
		7E3C35381EA72FF300036B41 /* Debug */ = {
			isa = XCBuildConfiguration;
			baseConfigurationReference = EB2596724223EF7D355CB898 /* Pods-mobile.debug.xcconfig */;
			buildSettings = {
				ASSETCATALOG_COMPILER_APPICON_NAME = AppIcon;
				DEVELOPMENT_TEAM = 74BJSLQ4HV;
				INFOPLIST_FILE = mobile/Info.plist;
				LD_RUNPATH_SEARCH_PATHS = "$(inherited) @executable_path/Frameworks";
				PRODUCT_BUNDLE_IDENTIFIER = bytedance.com.mobile;
				PRODUCT_NAME = "$(TARGET_NAME)";
				SWIFT_VERSION = 3.0;
				USER_HEADER_SEARCH_PATHS = /Users/huangjian/workstation/ios/mobile/Pods;
			};
			name = Debug;
		};
		7E3C35391EA72FF300036B41 /* Release */ = {
			isa = XCBuildConfiguration;
			baseConfigurationReference = 9C055186407D58E4D6E53005 /* Pods-mobile.release.xcconfig */;
			buildSettings = {
				ASSETCATALOG_COMPILER_APPICON_NAME = AppIcon;
				DEVELOPMENT_TEAM = 74BJSLQ4HV;
				INFOPLIST_FILE = mobile/Info.plist;
				LD_RUNPATH_SEARCH_PATHS = "$(inherited) @executable_path/Frameworks";
				PRODUCT_BUNDLE_IDENTIFIER = bytedance.com.mobile;
				PRODUCT_NAME = "$(TARGET_NAME)";
				SWIFT_VERSION = 3.0;
				USER_HEADER_SEARCH_PATHS = /Users/huangjian/workstation/ios/mobile/Pods;
			};
			name = Release;
		};
		7E3C353B1EA72FF300036B41 /* Debug */ = {
			isa = XCBuildConfiguration;
			buildSettings = {
				ALWAYS_EMBED_SWIFT_STANDARD_LIBRARIES = YES;
				BUNDLE_LOADER = "$(TEST_HOST)";
				DEVELOPMENT_TEAM = 74BJSLQ4HV;
				INFOPLIST_FILE = mobileTests/Info.plist;
				LD_RUNPATH_SEARCH_PATHS = "$(inherited) @executable_path/Frameworks @loader_path/Frameworks";
				PRODUCT_BUNDLE_IDENTIFIER = bytedance.com.mobileTests;
				PRODUCT_NAME = "$(TARGET_NAME)";
				SWIFT_VERSION = 3.0;
				TEST_HOST = "$(BUILT_PRODUCTS_DIR)/mobile.app/mobile";
			};
			name = Debug;
		};
		7E3C353C1EA72FF300036B41 /* Release */ = {
			isa = XCBuildConfiguration;
			buildSettings = {
				ALWAYS_EMBED_SWIFT_STANDARD_LIBRARIES = YES;
				BUNDLE_LOADER = "$(TEST_HOST)";
				DEVELOPMENT_TEAM = 74BJSLQ4HV;
				INFOPLIST_FILE = mobileTests/Info.plist;
				LD_RUNPATH_SEARCH_PATHS = "$(inherited) @executable_path/Frameworks @loader_path/Frameworks";
				PRODUCT_BUNDLE_IDENTIFIER = bytedance.com.mobileTests;
				PRODUCT_NAME = "$(TARGET_NAME)";
				SWIFT_VERSION = 3.0;
				TEST_HOST = "$(BUILT_PRODUCTS_DIR)/mobile.app/mobile";
			};
			name = Release;
		};
		7E3C353E1EA72FF300036B41 /* Debug */ = {
			isa = XCBuildConfiguration;
			buildSettings = {
				ALWAYS_EMBED_SWIFT_STANDARD_LIBRARIES = YES;
				DEVELOPMENT_TEAM = 74BJSLQ4HV;
				INFOPLIST_FILE = mobileUITests/Info.plist;
				LD_RUNPATH_SEARCH_PATHS = "$(inherited) @executable_path/Frameworks @loader_path/Frameworks";
				PRODUCT_BUNDLE_IDENTIFIER = bytedance.com.mobileUITests;
				PRODUCT_NAME = "$(TARGET_NAME)";
				SWIFT_VERSION = 3.0;
				TEST_TARGET_NAME = mobile;
			};
			name = Debug;
		};
		7E3C353F1EA72FF300036B41 /* Release */ = {
			isa = XCBuildConfiguration;
			buildSettings = {
				ALWAYS_EMBED_SWIFT_STANDARD_LIBRARIES = YES;
				DEVELOPMENT_TEAM = 74BJSLQ4HV;
				INFOPLIST_FILE = mobileUITests/Info.plist;
				LD_RUNPATH_SEARCH_PATHS = "$(inherited) @executable_path/Frameworks @loader_path/Frameworks";
				PRODUCT_BUNDLE_IDENTIFIER = bytedance.com.mobileUITests;
				PRODUCT_NAME = "$(TARGET_NAME)";
				SWIFT_VERSION = 3.0;
				TEST_TARGET_NAME = mobile;
			};
			name = Release;
		};
/* End XCBuildConfiguration section */

/* Begin XCConfigurationList section */
		7E3C350A1EA72FF200036B41 /* Build configuration list for PBXProject "mobile" */ = {
			isa = XCConfigurationList;
			buildConfigurations = (
				7E3C35351EA72FF300036B41 /* Debug */,
				7E3C35361EA72FF300036B41 /* Release */,
			);
			defaultConfigurationIsVisible = 0;
			defaultConfigurationName = Release;
		};
		7E3C35371EA72FF300036B41 /* Build configuration list for PBXNativeTarget "mobile" */ = {
			isa = XCConfigurationList;
			buildConfigurations = (
				7E3C35381EA72FF300036B41 /* Debug */,
				7E3C35391EA72FF300036B41 /* Release */,
			);
			defaultConfigurationIsVisible = 0;
			defaultConfigurationName = Release;
		};
		7E3C353A1EA72FF300036B41 /* Build configuration list for PBXNativeTarget "mobileTests" */ = {
			isa = XCConfigurationList;
			buildConfigurations = (
				7E3C353B1EA72FF300036B41 /* Debug */,
				7E3C353C1EA72FF300036B41 /* Release */,
			);
			defaultConfigurationIsVisible = 0;
			defaultConfigurationName = Release;
		};
		7E3C353D1EA72FF300036B41 /* Build configuration list for PBXNativeTarget "mobileUITests" */ = {
			isa = XCConfigurationList;
			buildConfigurations = (
				7E3C353E1EA72FF300036B41 /* Debug */,
				7E3C353F1EA72FF300036B41 /* Release */,
			);
			defaultConfigurationIsVisible = 0;
			defaultConfigurationName = Release;
		};
/* End XCConfigurationList section */
	};
	rootObject = 7E3C35071EA72FF200036B41 /* Project object */;
}
